
Microsoft Visual Studio Solution File, Format Version 12.00
# Visual Studio Version 17
VisualStudioVersion = 17.3.32901.215
MinimumVisualStudioVersion = 10.0.40219.1
Project("{FAE04EC0-301F-11D3-BF4B-00C04F79EFBC}") = "Day02Exercises", "Day02Exercises\Day02Exercises.csproj", "{DC193156-C422-4296-86F3-6C7084B025A2}"
EndProject
Global
	GlobalSection(SolutionConfigurationPlatforms) = preSolution
		Debug|Any CPU = Debug|Any CPU
		Release|Any CPU = Release|Any CPU
	EndGlobalSection
	GlobalSection(ProjectConfigurationPlatforms) = postSolution
		{DC193156-C422-4296-86F3-6C7084B025A2}.Debug|Any CPU.ActiveCfg = Debug|Any CPU
		{DC193156-C422-4296-86F3-6C7084B025A2}.Debug|Any CPU.Build.0 = Debug|Any CPU
		{DC193156-C422-4296-86F3-6C7084B025A2}.Release|Any CPU.ActiveCfg = Release|Any CPU
		{DC193156-C422-4296-86F3-6C7084B025A2}.Release|Any CPU.Build.0 = Release|Any CPU
	EndGlobalSection
	GlobalSection(SolutionProperties) = preSolution
		HideSolutionNode = FALSE
	EndGlobalSection
	GlobalSection(ExtensibilityGlobals) = postSolution
		SolutionGuid = {0ED44ED1-F065-4B61-A244-92E233F1B8C3}
	EndGlobalSection
EndGlobal
